
Microsoft Visual Studio Solution File, Format Version 12.00
# Visual Studio Version 16
VisualStudioVersion = 16.0.28803.202
MinimumVisualStudioVersion = 10.0.40219.1
Project("{FAE04EC0-301F-11D3-BF4B-00C04F79EFBC}") = "CCMS", "CCMS\CCMS.csproj", "{24A30A27-3218-4156-8DA7-2D01247C8D57}"
EndProject
Global
	GlobalSection(SolutionConfigurationPlatforms) = preSolution
		Debug|Any CPU = Debug|Any CPU
		Release|Any CPU = Release|Any CPU
	EndGlobalSection
	GlobalSection(ProjectConfigurationPlatforms) = postSolution
		{24A30A27-3218-4156-8DA7-2D01247C8D57}.Debug|Any CPU.ActiveCfg = Debug|Any CPU
		{24A30A27-3218-4156-8DA7-2D01247C8D57}.Debug|Any CPU.Build.0 = Debug|Any CPU
		{24A30A27-3218-4156-8DA7-2D01247C8D57}.Release|Any CPU.ActiveCfg = Release|Any CPU
		{24A30A27-3218-4156-8DA7-2D01247C8D57}.Release|Any CPU.Build.0 = Release|Any CPU
	EndGlobalSection
	GlobalSection(SolutionProperties) = preSolution
		HideSolutionNode = FALSE
	EndGlobalSection
	GlobalSection(ExtensibilityGlobals) = postSolution
		SolutionGuid = {3E6E9124-70BF-4253-8363-879462A5AF54}
	EndGlobalSection
EndGlobal
